
Microsoft Visual Studio Solution File, Format Version 12.00
# Visual Studio Version 17
VisualStudioVersion = 17.0.31903.59
MinimumVisualStudioVersion = 10.0.40219.1
Project("{2150E333-8FDC-42A3-9474-1A3956D46DE8}") = "src", "src", "{827E0CD3-B72D-47B6-A68D-7590B98EB39B}"
EndProject
Project("{FAE04EC0-301F-11D3-BF4B-00C04F79EFBC}") = "AsyncLocal-demo.Core", "src\AsyncLocal-demo.Core\AsyncLocal-demo.Core.csproj", "{19D6D33D-30D9-42D1-B144-F7194E4AB7C2}"
EndProject
Project("{FAE04EC0-301F-11D3-BF4B-00C04F79EFBC}") = "AsyncLocal-demo.Application", "src\AsyncLocal-demo.Application\AsyncLocal-demo.Application.csproj", "{D114906D-4009-412D-9457-D324933D4F07}"
EndProject
Project("{FAE04EC0-301F-11D3-BF4B-00C04F79EFBC}") = "AsyncLocal-demo.Infrastructure", "src\AsyncLocal-demo.Infrastructure\AsyncLocal-demo.Infrastructure.csproj", "{40DEDEFD-3411-4AD0-9721-65134ABF2FB2}"
EndProject
Project("{FAE04EC0-301F-11D3-BF4B-00C04F79EFBC}") = "AsyncLocal-demo.Api", "src\AsyncLocal-demo.Api\AsyncLocal-demo.Api.csproj", "{C1F55173-3953-4599-B791-2852F95B08D4}"
EndProject
Project("{2150E333-8FDC-42A3-9474-1A3956D46DE8}") = "tests", "tests", "{0AB3BF05-4346-4AA6-1389-037BE0695223}"
EndProject
Project("{FAE04EC0-301F-11D3-BF4B-00C04F79EFBC}") = "AsyncLocal-demo.Tests", "tests\AsyncLocal-demo.Tests\AsyncLocal-demo.Tests.csproj", "{643C7450-C4AC-469A-BF4B-121B6441C503}"
EndProject
Global
	GlobalSection(SolutionConfigurationPlatforms) = preSolution
		Debug|Any CPU = Debug|Any CPU
		Debug|x64 = Debug|x64
		Debug|x86 = Debug|x86
		Release|Any CPU = Release|Any CPU
		Release|x64 = Release|x64
		Release|x86 = Release|x86
	EndGlobalSection
	GlobalSection(ProjectConfigurationPlatforms) = postSolution
		{19D6D33D-30D9-42D1-B144-F7194E4AB7C2}.Debug|Any CPU.ActiveCfg = Debug|Any CPU
		{19D6D33D-30D9-42D1-B144-F7194E4AB7C2}.Debug|Any CPU.Build.0 = Debug|Any CPU
		{19D6D33D-30D9-42D1-B144-F7194E4AB7C2}.Debug|x64.ActiveCfg = Debug|Any CPU
		{19D6D33D-30D9-42D1-B144-F7194E4AB7C2}.Debug|x64.Build.0 = Debug|Any CPU
		{19D6D33D-30D9-42D1-B144-F7194E4AB7C2}.Debug|x86.ActiveCfg = Debug|Any CPU
		{19D6D33D-30D9-42D1-B144-F7194E4AB7C2}.Debug|x86.Build.0 = Debug|Any CPU
		{19D6D33D-30D9-42D1-B144-F7194E4AB7C2}.Release|Any CPU.ActiveCfg = Release|Any CPU
		{19D6D33D-30D9-42D1-B144-F7194E4AB7C2}.Release|Any CPU.Build.0 = Release|Any CPU
		{19D6D33D-30D9-42D1-B144-F7194E4AB7C2}.Release|x64.ActiveCfg = Release|Any CPU
		{19D6D33D-30D9-42D1-B144-F7194E4AB7C2}.Release|x64.Build.0 = Release|Any CPU
		{19D6D33D-30D9-42D1-B144-F7194E4AB7C2}.Release|x86.ActiveCfg = Release|Any CPU
		{19D6D33D-30D9-42D1-B144-F7194E4AB7C2}.Release|x86.Build.0 = Release|Any CPU
		{D114906D-4009-412D-9457-D324933D4F07}.Debug|Any CPU.ActiveCfg = Debug|Any CPU
		{D114906D-4009-412D-9457-D324933D4F07}.Debug|Any CPU.Build.0 = Debug|Any CPU
		{D114906D-4009-412D-9457-D324933D4F07}.Debug|x64.ActiveCfg = Debug|Any CPU
		{D114906D-4009-412D-9457-D324933D4F07}.Debug|x64.Build.0 = Debug|Any CPU
		{D114906D-4009-412D-9457-D324933D4F07}.Debug|x86.ActiveCfg = Debug|Any CPU
		{D114906D-4009-412D-9457-D324933D4F07}.Debug|x86.Build.0 = Debug|Any CPU
		{D114906D-4009-412D-9457-D324933D4F07}.Release|Any CPU.ActiveCfg = Release|Any CPU
		{D114906D-4009-412D-9457-D324933D4F07}.Release|Any CPU.Build.0 = Release|Any CPU
		{D114906D-4009-412D-9457-D324933D4F07}.Release|x64.ActiveCfg = Release|Any CPU
		{D114906D-4009-412D-9457-D324933D4F07}.Release|x64.Build.0 = Release|Any CPU
		{D114906D-4009-412D-9457-D324933D4F07}.Release|x86.ActiveCfg = Release|Any CPU
		{D114906D-4009-412D-9457-D324933D4F07}.Release|x86.Build.0 = Release|Any CPU
		{40DEDEFD-3411-4AD0-9721-65134ABF2FB2}.Debug|Any CPU.ActiveCfg = Debug|Any CPU
		{40DEDEFD-3411-4AD0-9721-65134ABF2FB2}.Debug|Any CPU.Build.0 = Debug|Any CPU
		{40DEDEFD-3411-4AD0-9721-65134ABF2FB2}.Debug|x64.ActiveCfg = Debug|Any CPU
		{40DEDEFD-3411-4AD0-9721-65134ABF2FB2}.Debug|x64.Build.0 = Debug|Any CPU
		{40DEDEFD-3411-4AD0-9721-65134ABF2FB2}.Debug|x86.ActiveCfg = Debug|Any CPU
		{40DEDEFD-3411-4AD0-9721-65134ABF2FB2}.Debug|x86.Build.0 = Debug|Any CPU
		{40DEDEFD-3411-4AD0-9721-65134ABF2FB2}.Release|Any CPU.ActiveCfg = Release|Any CPU
		{40DEDEFD-3411-4AD0-9721-65134ABF2FB2}.Release|Any CPU.Build.0 = Release|Any CPU
		{40DEDEFD-3411-4AD0-9721-65134ABF2FB2}.Release|x64.ActiveCfg = Release|Any CPU
		{40DEDEFD-3411-4AD0-9721-65134ABF2FB2}.Release|x64.Build.0 = Release|Any CPU
		{40DEDEFD-3411-4AD0-9721-65134ABF2FB2}.Release|x86.ActiveCfg = Release|Any CPU
		{40DEDEFD-3411-4AD0-9721-65134ABF2FB2}.Release|x86.Build.0 = Release|Any CPU
		{C1F55173-3953-4599-B791-2852F95B08D4}.Debug|Any CPU.ActiveCfg = Debug|Any CPU
		{C1F55173-3953-4599-B791-2852F95B08D4}.Debug|Any CPU.Build.0 = Debug|Any CPU
		{C1F55173-3953-4599-B791-2852F95B08D4}.Debug|x64.ActiveCfg = Debug|Any CPU
		{C1F55173-3953-4599-B791-2852F95B08D4}.Debug|x64.Build.0 = Debug|Any CPU
		{C1F55173-3953-4599-B791-2852F95B08D4}.Debug|x86.ActiveCfg = Debug|Any CPU
		{C1F55173-3953-4599-B791-2852F95B08D4}.Debug|x86.Build.0 = Debug|Any CPU
		{C1F55173-3953-4599-B791-2852F95B08D4}.Release|Any CPU.ActiveCfg = Release|Any CPU
		{C1F55173-3953-4599-B791-2852F95B08D4}.Release|Any CPU.Build.0 = Release|Any CPU
		{C1F55173-3953-4599-B791-2852F95B08D4}.Release|x64.ActiveCfg = Release|Any CPU
		{C1F55173-3953-4599-B791-2852F95B08D4}.Release|x64.Build.0 = Release|Any CPU
		{C1F55173-3953-4599-B791-2852F95B08D4}.Release|x86.ActiveCfg = Release|Any CPU
		{C1F55173-3953-4599-B791-2852F95B08D4}.Release|x86.Build.0 = Release|Any CPU
		{643C7450-C4AC-469A-BF4B-121B6441C503}.Debug|Any CPU.ActiveCfg = Debug|Any CPU
		{643C7450-C4AC-469A-BF4B-121B6441C503}.Debug|Any CPU.Build.0 = Debug|Any CPU
		{643C7450-C4AC-469A-BF4B-121B6441C503}.Debug|x64.ActiveCfg = Debug|Any CPU
		{643C7450-C4AC-469A-BF4B-121B6441C503}.Debug|x64.Build.0 = Debug|Any CPU
		{643C7450-C4AC-469A-BF4B-121B6441C503}.Debug|x86.ActiveCfg = Debug|Any CPU
		{643C7450-C4AC-469A-BF4B-121B6441C503}.Debug|x86.Build.0 = Debug|Any CPU
		{643C7450-C4AC-469A-BF4B-121B6441C503}.Release|Any CPU.ActiveCfg = Release|Any CPU
		{643C7450-C4AC-469A-BF4B-121B6441C503}.Release|Any CPU.Build.0 = Release|Any CPU
		{643C7450-C4AC-469A-BF4B-121B6441C503}.Release|x64.ActiveCfg = Release|Any CPU
		{643C7450-C4AC-469A-BF4B-121B6441C503}.Release|x64.Build.0 = Release|Any CPU
		{643C7450-C4AC-469A-BF4B-121B6441C503}.Release|x86.ActiveCfg = Release|Any CPU
		{643C7450-C4AC-469A-BF4B-121B6441C503}.Release|x86.Build.0 = Release|Any CPU
	EndGlobalSection
	GlobalSection(SolutionProperties) = preSolution
		HideSolutionNode = FALSE
	EndGlobalSection
	GlobalSection(NestedProjects) = preSolution
		{19D6D33D-30D9-42D1-B144-F7194E4AB7C2} = {827E0CD3-B72D-47B6-A68D-7590B98EB39B}
		{D114906D-4009-412D-9457-D324933D4F07} = {827E0CD3-B72D-47B6-A68D-7590B98EB39B}
		{40DEDEFD-3411-4AD0-9721-65134ABF2FB2} = {827E0CD3-B72D-47B6-A68D-7590B98EB39B}
		{C1F55173-3953-4599-B791-2852F95B08D4} = {827E0CD3-B72D-47B6-A68D-7590B98EB39B}
		{643C7450-C4AC-469A-BF4B-121B6441C503} = {0AB3BF05-4346-4AA6-1389-037BE0695223}
	EndGlobalSection
EndGlobal
